
Microsoft Visual Studio Solution File, Format Version 12.00
# Visual Studio Version 17
VisualStudioVersion = 17.9.34902.65
MinimumVisualStudioVersion = 10.0.40219.1
Project("{FAE04EC0-301F-11D3-BF4B-00C04F79EFBC}") = "CargoCarApi", "CargoCarApi.csproj", "{31811F61-2232-4E0D-B911-53E1C1319078}"
EndProject
Global
	GlobalSection(SolutionConfigurationPlatforms) = preSolution
		Debug|Any CPU = Debug|Any CPU
		Release|Any CPU = Release|Any CPU
	EndGlobalSection
	GlobalSection(ProjectConfigurationPlatforms) = postSolution
		{31811F61-2232-4E0D-B911-53E1C1319078}.Debug|Any CPU.ActiveCfg = Debug|Any CPU
		{31811F61-2232-4E0D-B911-53E1C1319078}.Debug|Any CPU.Build.0 = Debug|Any CPU
		{31811F61-2232-4E0D-B911-53E1C1319078}.Release|Any CPU.ActiveCfg = Release|Any CPU
		{31811F61-2232-4E0D-B911-53E1C1319078}.Release|Any CPU.Build.0 = Release|Any CPU
	EndGlobalSection
	GlobalSection(SolutionProperties) = preSolution
		HideSolutionNode = FALSE
	EndGlobalSection
	GlobalSection(ExtensibilityGlobals) = postSolution
		SolutionGuid = {A8414700-9FCD-4D06-AE57-27767AA81798}
	EndGlobalSection
EndGlobal
